// !$*UTF8*$!
{
	archiveVersion = 1;
	classes = {
	};
	objectVersion = 46;
	objects = {

/* Begin PBXBuildFile section */
		4C441C441E825A2B0088638F /* main.m in Sources */ = {isa = PBXBuildFile; fileRef = 4C441C431E825A2B0088638F /* main.m */; };
		4C441C471E825A2B0088638F /* AppDelegate.m in Sources */ = {isa = PBXBuildFile; fileRef = 4C441C461E825A2B0088638F /* AppDelegate.m */; };
		4C441C4A1E825A2B0088638F /* ViewController.m in Sources */ = {isa = PBXBuildFile; fileRef = 4C441C491E825A2B0088638F /* ViewController.m */; };
		4C441C4D1E825A2B0088638F /* Main.storyboard in Resources */ = {isa = PBXBuildFile; fileRef = 4C441C4B1E825A2B0088638F /* Main.storyboard */; };
		4C441C4F1E825A2B0088638F /* Assets.xcassets in Resources */ = {isa = PBXBuildFile; fileRef = 4C441C4E1E825A2B0088638F /* Assets.xcassets */; };
		4C441C521E825A2B0088638F /* LaunchScreen.storyboard in Resources */ = {isa = PBXBuildFile; fileRef = 4C441C501E825A2B0088638F /* LaunchScreen.storyboard */; };
/* End PBXBuildFile section */

/* Begin PBXFileReference section */
		4C441C3F1E825A2B0088638F /* YQSudoku.app */ = {isa = PBXFileReference; explicitFileType = wrapper.application; includeInIndex = 0; path = YQSudoku.app; sourceTree = BUILT_PRODUCTS_DIR; };
		4C441C431E825A2B0088638F /* main.m */ = {isa = PBXFileReference; lastKnownFileType = sourcecode.c.objc; path = main.m; sourceTree = "<group>"; };
		4C441C451E825A2B0088638F /* AppDelegate.h */ = {isa = PBXFileReference; lastKnownFileType = sourcecode.c.h; path = AppDelegate.h; sourceTree = "<group>"; };
		4C441C461E825A2B0088638F /* AppDelegate.m */ = {isa = PBXFileReference; lastKnownFileType = sourcecode.c.objc; path = AppDelegate.m; sourceTree = "<group>"; };
		4C441C481E825A2B0088638F /* ViewController.h */ = {isa = PBXFileReference; lastKnownFileType = sourcecode.c.h; path = ViewController.h; sourceTree = "<group>"; };
		4C441C491E825A2B0088638F /* ViewController.m */ = {isa = PBXFileReference; lastKnownFileType = sourcecode.c.objc; path = ViewController.m; sourceTree = "<group>"; };
		4C441C4C1E825A2B0088638F /* Base */ = {isa = PBXFileReference; lastKnownFileType = file.storyboard; name = Base; path = Base.lproj/Main.storyboard; sourceTree = "<group>"; };
		4C441C4E1E825A2B0088638F /* Assets.xcassets */ = {isa = PBXFileReference; lastKnownFileType = folder.assetcatalog; path = Assets.xcassets; sourceTree = "<group>"; };
		4C441C511E825A2B0088638F /* Base */ = {isa = PBXFileReference; lastKnownFileType = file.storyboard; name = Base; path = Base.lproj/LaunchScreen.storyboard; sourceTree = "<group>"; };
		4C441C531E825A2B0088638F /* Info.plist */ = {isa = PBXFileReference; lastKnownFileType = text.plist.xml; path = Info.plist; sourceTree = "<group>"; };
/* End PBXFileReference section */

/* Begin PBXFrameworksBuildPhase section */
		4C441C3C1E825A2B0088638F /* Frameworks */ = {
			isa = PBXFrameworksBuildPhase;
			buildActionMask = 2147483647;
			files = (
			);
			runOnlyForDeploymentPostprocessing = 0;
		};
/* End PBXFrameworksBuildPhase section */

/* Begin PBXGroup section */
		4C441C361E825A2B0088638F = {
			isa = PBXGroup;
			children = (
				4C441C411E825A2B0088638F /* YQSudoku */,
				4C441C401E825A2B0088638F /* Products */,
			);
			sourceTree = "<group>";
		};
		4C441C401E825A2B0088638F /* Products */ = {
			isa = PBXGroup;
			children = (
				4C441C3F1E825A2B0088638F /* YQSudoku.app */,
			);
			name = Products;
			sourceTree = "<group>";
		};
		4C441C411E825A2B0088638F /* YQSudoku */ = {
			isa = PBXGroup;
			children = (
				4C441C451E825A2B0088638F /* AppDelegate.h */,
				4C441C461E825A2B0088638F /* AppDelegate.m */,
				4C441C481E825A2B0088638F /* ViewController.h */,
				4C441C491E825A2B0088638F /* ViewController.m */,
				4C441C4B1E825A2B0088638F /* Main.storyboard */,
				4C441C4E1E825A2B0088638F /* Assets.xcassets */,
				4C441C501E825A2B0088638F /* LaunchScreen.storyboard */,
				4C441C531E825A2B0088638F /* Info.plist */,
				4C441C421E825A2B0088638F /* Supporting Files */,
			);
			path = YQSudoku;
			sourceTree = "<group>";
		};
		4C441C421E825A2B0088638F /* Supporting Files */ = {
			isa = PBXGroup;
			children = (
				4C441C431E825A2B0088638F /* main.m */,
			);
			name = "Supporting Files";
			sourceTree = "<group>";
		};
/* End PBXGroup section */

/* Begin PBXNativeTarget section */
		4C441C3E1E825A2B0088638F /* YQSudoku */ = {
			isa = PBXNativeTarget;
			buildConfigurationList = 4C441C561E825A2B0088638F /* Build configuration list for PBXNativeTarget "YQSudoku" */;
			buildPhases = (
				4C441C3B1E825A2B0088638F /* Sources */,
				4C441C3C1E825A2B0088638F /* Frameworks */,
				4C441C3D1E825A2B0088638F /* Resources */,
			);
			buildRules = (
			);
			dependencies = (
			);
			name = YQSudoku;
			productName = YQSudoku;
			productReference = 4C441C3F1E825A2B0088638F /* YQSudoku.app */;
			productType = "com.apple.product-type.application";
		};
/* End PBXNativeTarget section */

/* Begin PBXProject section */
		4C441C371E825A2B0088638F /* Project object */ = {
			isa = PBXProject;
			attributes = {
				LastUpgradeCheck = 0810;
				ORGANIZATIONNAME = yunjobs;
				TargetAttributes = {
					4C441C3E1E825A2B0088638F = {
						CreatedOnToolsVersion = 8.1;
						DevelopmentTeam = 26YMPQ2484;
						ProvisioningStyle = Automatic;
					};
				};
			};
			buildConfigurationList = 4C441C3A1E825A2B0088638F /* Build configuration list for PBXProject "YQSudoku" */;
			compatibilityVersion = "Xcode 3.2";
			developmentRegion = English;
			hasScannedForEncodings = 0;
			knownRegions = (
				en,
				Base,
			);
			mainGroup = 4C441C361E825A2B0088638F;
			productRefGroup = 4C441C401E825A2B0088638F /* Products */;
			projectDirPath = "";
			projectRoot = "";
			targets = (
				4C441C3E1E825A2B0088638F /* YQSudoku */,
			);
		};
/* End PBXProject section */

/* Begin PBXResourcesBuildPhase section */
		4C441C3D1E825A2B0088638F /* Resources */ = {
			isa = PBXResourcesBuildPhase;
			buildActionMask = 2147483647;
			files = (
				4C441C521E825A2B0088638F /* LaunchScreen.storyboard in Resources */,
				4C441C4F1E825A2B0088638F /* Assets.xcassets in Resources */,
				4C441C4D1E825A2B0088638F /* Main.storyboard in Resources */,
			);
			runOnlyForDeploymentPostprocessing = 0;
		};
/* End PBXResourcesBuildPhase section */

/* Begin PBXSourcesBuildPhase section */
		4C441C3B1E825A2B0088638F /* Sources */ = {
			isa = PBXSourcesBuildPhase;
			buildActionMask = 2147483647;
			files = (
				4C441C4A1E825A2B0088638F /* ViewController.m in Sources */,
				4C441C471E825A2B0088638F /* AppDelegate.m in Sources */,
				4C441C441E825A2B0088638F /* main.m in Sources */,
			);
			runOnlyForDeploymentPostprocessing = 0;
		};
/* End PBXSourcesBuildPhase section */

/* Begin PBXVariantGroup section */
		4C441C4B1E825A2B0088638F /* Main.storyboard */ = {
			isa = PBXVariantGroup;
			children = (
				4C441C4C1E825A2B0088638F /* Base */,
			);
			name = Main.storyboard;
			sourceTree = "<group>";
		};
		4C441C501E825A2B0088638F /* LaunchScreen.storyboard */ = {
			isa = PBXVariantGroup;
			children = (
				4C441C511E825A2B0088638F /* Base */,
			);
			name = LaunchScreen.storyboard;
			sourceTree = "<group>";
		};
/* End PBXVariantGroup section */

/* Begin XCBuildConfiguration section */
		4C441C541E825A2B0088638F /* Debug */ = {
			isa = XCBuildConfiguration;
			buildSettings = {
				ALWAYS_SEARCH_USER_PATHS = NO;
				CLANG_ANALYZER_NONNULL = YES;
				CLANG_CXX_LANGUAGE_STANDARD = "gnu++0x";
				CLANG_CXX_LIBRARY = "libc++";
				CLANG_ENABLE_MODULES = YES;
				CLANG_ENABLE_OBJC_ARC = YES;
				CLANG_WARN_BOOL_CONVERSION = YES;
				CLANG_WARN_CONSTANT_CONVERSION = YES;
				CLANG_WARN_DIRECT_OBJC_ISA_USAGE = YES_ERROR;
				CLANG_WARN_DOCUMENTATION_COMMENTS = YES;
				CLANG_WARN_EMPTY_BODY = YES;
				CLANG_WARN_ENUM_CONVERSION = YES;
				CLANG_WARN_INFINITE_RECURSION = YES;
				CLANG_WARN_INT_CONVERSION = YES;
				CLANG_WARN_OBJC_ROOT_CLASS = YES_ERROR;
				CLANG_WARN_SUSPICIOUS_MOVES = YES;
				CLANG_WARN_UNREACHABLE_CODE = YES;
				CLANG_WARN__DUPLICATE_METHOD_MATCH = YES;
				"CODE_SIGN_IDENTITY[sdk=iphoneos*]" = "iPhone Developer";
				COPY_PHASE_STRIP = NO;
				DEBUG_INFORMATION_FORMAT = dwarf;
				ENABLE_STRICT_OBJC_MSGSEND = YES;
				ENABLE_TESTABILITY = YES;
				GCC_C_LANGUAGE_STANDARD = gnu99;
				GCC_DYNAMIC_NO_PIC = NO;
				GCC_NO_COMMON_BLOCKS = YES;
				GCC_OPTIMIZATION_LEVEL = 0;
				GCC_PREPROCESSOR_DEFINITIONS = (
					"DEBUG=1",
					"$(inherited)",
				);
				GCC_WARN_64_TO_32_BIT_CONVERSION = YES;
				GCC_WARN_ABOUT_RETURN_TYPE = YES_ERROR;
				GCC_WARN_UNDECLARED_SELECTOR = YES;
				GCC_WARN_UNINITIALIZED_AUTOS = YES_AGGRESSIVE;
				GCC_WARN_UNUSED_FUNCTION = YES;
				GCC_WARN_UNUSED_VARIABLE = YES;
				IPHONEOS_DEPLOYMENT_TARGET = 10.1;
				MTL_ENABLE_DEBUG_INFO = YES;
				ONLY_ACTIVE_ARCH = YES;
				SDKROOT = iphoneos;
			};
			name = Debug;
		};
		4C441C551E825A2B0088638F /* Release */ = {
			isa = XCBuildConfiguration;
			buildSettings = {
				ALWAYS_SEARCH_USER_PATHS = NO;
				CLANG_ANALYZER_NONNULL = YES;
				CLANG_CXX_LANGUAGE_STANDARD = "gnu++0x";
				CLANG_CXX_LIBRARY = "libc++";
				CLANG_ENABLE_MODULES = YES;
				CLANG_ENABLE_OBJC_ARC = YES;
				CLANG_WARN_BOOL_CONVERSION = YES;
				CLANG_WARN_CONSTANT_CONVERSION = YES;
				CLANG_WARN_DIRECT_OBJC_ISA_USAGE = YES_ERROR;
				CLANG_WARN_DOCUMENTATION_COMMENTS = YES;
				CLANG_WARN_EMPTY_BODY = YES;
				CLANG_WARN_ENUM_CONVERSION = YES;
				CLANG_WARN_INFINITE_RECURSION = YES;
				CLANG_WARN_INT_CONVERSION = YES;
				CLANG_WARN_OBJC_ROOT_CLASS = YES_ERROR;
				CLANG_WARN_SUSPICIOUS_MOVES = YES;
				CLANG_WARN_UNREACHABLE_CODE = YES;
				CLANG_WARN__DUPLICATE_METHOD_MATCH = YES;
				"CODE_SIGN_IDENTITY[sdk=iphoneos*]" = "iPhone Developer";
				COPY_PHASE_STRIP = NO;
				DEBUG_INFORMATION_FORMAT = "dwarf-with-dsym";
				ENABLE_NS_ASSERTIONS = NO;
				ENABLE_STRICT_OBJC_MSGSEND = YES;
				GCC_C_LANGUAGE_STANDARD = gnu99;
				GCC_NO_COMMON_BLOCKS = YES;
				GCC_WARN_64_TO_32_BIT_CONVERSION = YES;
				GCC_WARN_ABOUT_RETURN_TYPE = YES_ERROR;
				GCC_WARN_UNDECLARED_SELECTOR = YES;
				GCC_WARN_UNINITIALIZED_AUTOS = YES_AGGRESSIVE;
				GCC_WARN_UNUSED_FUNCTION = YES;
				GCC_WARN_UNUSED_VARIABLE = YES;
				IPHONEOS_DEPLOYMENT_TARGET = 10.1;
				MTL_ENABLE_DEBUG_INFO = NO;
				SDKROOT = iphoneos;
				VALIDATE_PRODUCT = YES;
			};
			name = Release;
		};
		4C441C571E825A2B0088638F /* Debug */ = {
			isa = XCBuildConfiguration;
			buildSettings = {
				ASSETCATALOG_COMPILER_APPICON_NAME = AppIcon;
				DEVELOPMENT_TEAM = 26YMPQ2484;
				INFOPLIST_FILE = YQSudoku/Info.plist;
				LD_RUNPATH_SEARCH_PATHS = "$(inherited) @executable_path/Frameworks";
				PRODUCT_BUNDLE_IDENTIFIER = com.yunjobs.YQSudoku;
				PRODUCT_NAME = "$(TARGET_NAME)";
			};
			name = Debug;
		};
		4C441C581E825A2B0088638F /* Release */ = {
			isa = XCBuildConfiguration;
			buildSettings = {
				ASSETCATALOG_COMPILER_APPICON_NAME = AppIcon;
				DEVELOPMENT_TEAM = 26YMPQ2484;
				INFOPLIST_FILE = YQSudoku/Info.plist;
				LD_RUNPATH_SEARCH_PATHS = "$(inherited) @executable_path/Frameworks";
				PRODUCT_BUNDLE_IDENTIFIER = com.yunjobs.YQSudoku;
				PRODUCT_NAME = "$(TARGET_NAME)";
			};
			name = Release;
		};
/* End XCBuildConfiguration section */

/* Begin XCConfigurationList section */
		4C441C3A1E825A2B0088638F /* Build configuration list for PBXProject "YQSudoku" */ = {
			isa = XCConfigurationList;
			buildConfigurations = (
				4C441C541E825A2B0088638F /* Debug */,
				4C441C551E825A2B0088638F /* Release */,
			);
			defaultConfigurationIsVisible = 0;
			defaultConfigurationName = Release;
		};
		4C441C561E825A2B0088638F /* Build configuration list for PBXNativeTarget "YQSudoku" */ = {
			isa = XCConfigurationList;
			buildConfigurations = (
				4C441C571E825A2B0088638F /* Debug */,
				4C441C581E825A2B0088638F /* Release */,
			);
			defaultConfigurationIsVisible = 0;
		};
/* End XCConfigurationList section */
	};
	rootObject = 4C441C371E825A2B0088638F /* Project object */;
}
